
Microsoft Visual Studio Solution File, Format Version 12.00
# Visual Studio Version 17
VisualStudioVersion = 17.8.34322.80
MinimumVisualStudioVersion = 10.0.40219.1
Project("{FAE04EC0-301F-11D3-BF4B-00C04F79EFBC}") = "Event_Management", "Event_Management\Event_Management.csproj", "{F4B19A90-D117-499E-A543-4ADA3B918674}"
EndProject
Global
	GlobalSection(SolutionConfigurationPlatforms) = preSolution
		Debug|Any CPU = Debug|Any CPU
		Release|Any CPU = Release|Any CPU
	EndGlobalSection
	GlobalSection(ProjectConfigurationPlatforms) = postSolution
		{F4B19A90-D117-499E-A543-4ADA3B918674}.Debug|Any CPU.ActiveCfg = Debug|Any CPU
		{F4B19A90-D117-499E-A543-4ADA3B918674}.Debug|Any CPU.Build.0 = Debug|Any CPU
		{F4B19A90-D117-499E-A543-4ADA3B918674}.Release|Any CPU.ActiveCfg = Release|Any CPU
		{F4B19A90-D117-499E-A543-4ADA3B918674}.Release|Any CPU.Build.0 = Release|Any CPU
	EndGlobalSection
	GlobalSection(SolutionProperties) = preSolution
		HideSolutionNode = FALSE
	EndGlobalSection
	GlobalSection(ExtensibilityGlobals) = postSolution
		SolutionGuid = {F644CB59-3D5B-40C0-9897-4C205FE30A48}
	EndGlobalSection
EndGlobal
